
Microsoft Visual Studio Solution File, Format Version 12.00
# Visual Studio Version 17
VisualStudioVersion = 17.10.34928.147
MinimumVisualStudioVersion = 10.0.40219.1
Project("{FAE04EC0-301F-11D3-BF4B-00C04F79EFBC}") = "ResturanteManagementSystemv1", "ResturanteManagementSystemv1\ResturanteManagementSystemv1.csproj", "{A7BB10D7-0408-4F53-B087-1E9D12E53218}"
EndProject
Global
	GlobalSection(SolutionConfigurationPlatforms) = preSolution
		Debug|Any CPU = Debug|Any CPU
		Release|Any CPU = Release|Any CPU
	EndGlobalSection
	GlobalSection(ProjectConfigurationPlatforms) = postSolution
		{A7BB10D7-0408-4F53-B087-1E9D12E53218}.Debug|Any CPU.ActiveCfg = Debug|Any CPU
		{A7BB10D7-0408-4F53-B087-1E9D12E53218}.Debug|Any CPU.Build.0 = Debug|Any CPU
		{A7BB10D7-0408-4F53-B087-1E9D12E53218}.Release|Any CPU.ActiveCfg = Release|Any CPU
		{A7BB10D7-0408-4F53-B087-1E9D12E53218}.Release|Any CPU.Build.0 = Release|Any CPU
	EndGlobalSection
	GlobalSection(SolutionProperties) = preSolution
		HideSolutionNode = FALSE
	EndGlobalSection
	GlobalSection(ExtensibilityGlobals) = postSolution
		SolutionGuid = {E42D82A6-3E99-47A1-9C6C-2A958F89F614}
	EndGlobalSection
EndGlobal
